// !$*UTF8*$!
{
	archiveVersion = 1;
	classes = {
	};
	objectVersion = 46;
	objects = {

/* Begin PBXBuildFile section */
		8488D4931D76467A004E50E4 /* QRLib.framework in Frameworks */ = {isa = PBXBuildFile; fileRef = 8488D4891D76467A004E50E4 /* QRLib.framework */; };
		8488D4981D76467A004E50E4 /* QRLibTests.swift in Sources */ = {isa = PBXBuildFile; fileRef = 8488D4971D76467A004E50E4 /* QRLibTests.swift */; };
		8488D49A1D76467A004E50E4 /* QRLib.h in Headers */ = {isa = PBXBuildFile; fileRef = 8488D48C1D76467A004E50E4 /* QRLib.h */; settings = {ATTRIBUTES = (Public, ); }; };
		8488D4AE1D7646B3004E50E4 /* QRCodeGenerator.swift in Sources */ = {isa = PBXBuildFile; fileRef = 8488D4AD1D7646B3004E50E4 /* QRCodeGenerator.swift */; };
		8488D4B11D764733004E50E4 /* CoreImage.framework in Frameworks */ = {isa = PBXBuildFile; fileRef = 8488D4B01D764733004E50E4 /* CoreImage.framework */; };
/* End PBXBuildFile section */

/* Begin PBXContainerItemProxy section */
		8488D4941D76467A004E50E4 /* PBXContainerItemProxy */ = {
			isa = PBXContainerItemProxy;
			containerPortal = 8488D4801D76467A004E50E4 /* Project object */;
			proxyType = 1;
			remoteGlobalIDString = 8488D4881D76467A004E50E4;
			remoteInfo = QRLib;
		};
/* End PBXContainerItemProxy section */

/* Begin PBXFileReference section */
		8488D4891D76467A004E50E4 /* QRLib.framework */ = {isa = PBXFileReference; explicitFileType = wrapper.framework; includeInIndex = 0; path = QRLib.framework; sourceTree = BUILT_PRODUCTS_DIR; };
		8488D48C1D76467A004E50E4 /* QRLib.h */ = {isa = PBXFileReference; lastKnownFileType = sourcecode.c.h; path = QRLib.h; sourceTree = "<group>"; };
		8488D48D1D76467A004E50E4 /* Info.plist */ = {isa = PBXFileReference; lastKnownFileType = text.plist.xml; path = Info.plist; sourceTree = "<group>"; };
		8488D4921D76467A004E50E4 /* QRLibTests.xctest */ = {isa = PBXFileReference; explicitFileType = wrapper.cfbundle; includeInIndex = 0; path = QRLibTests.xctest; sourceTree = BUILT_PRODUCTS_DIR; };
		8488D4971D76467A004E50E4 /* QRLibTests.swift */ = {isa = PBXFileReference; lastKnownFileType = sourcecode.swift; path = QRLibTests.swift; sourceTree = "<group>"; };
		8488D4991D76467A004E50E4 /* Info.plist */ = {isa = PBXFileReference; lastKnownFileType = text.plist.xml; path = Info.plist; sourceTree = "<group>"; };
		8488D4AD1D7646B3004E50E4 /* QRCodeGenerator.swift */ = {isa = PBXFileReference; fileEncoding = 4; lastKnownFileType = sourcecode.swift; path = QRCodeGenerator.swift; sourceTree = "<group>"; };
		8488D4B01D764733004E50E4 /* CoreImage.framework */ = {isa = PBXFileReference; lastKnownFileType = wrapper.framework; name = CoreImage.framework; path = System/Library/Frameworks/CoreImage.framework; sourceTree = SDKROOT; };
/* End PBXFileReference section */

/* Begin PBXFrameworksBuildPhase section */
		8488D4851D76467A004E50E4 /* Frameworks */ = {
			isa = PBXFrameworksBuildPhase;
			buildActionMask = 2147483647;
			files = (
				8488D4B11D764733004E50E4 /* CoreImage.framework in Frameworks */,
			);
			runOnlyForDeploymentPostprocessing = 0;
		};
		8488D48F1D76467A004E50E4 /* Frameworks */ = {
			isa = PBXFrameworksBuildPhase;
			buildActionMask = 2147483647;
			files = (
				8488D4931D76467A004E50E4 /* QRLib.framework in Frameworks */,
			);
			runOnlyForDeploymentPostprocessing = 0;
		};
/* End PBXFrameworksBuildPhase section */

/* Begin PBXGroup section */
		8488D47F1D76467A004E50E4 = {
			isa = PBXGroup;
			children = (
				8488D48B1D76467A004E50E4 /* QRLib */,
				8488D4961D76467A004E50E4 /* QRLibTests */,
				8488D48A1D76467A004E50E4 /* Products */,
				8488D4AF1D764733004E50E4 /* Frameworks */,
			);
			sourceTree = "<group>";
		};
		8488D48A1D76467A004E50E4 /* Products */ = {
			isa = PBXGroup;
			children = (
				8488D4891D76467A004E50E4 /* QRLib.framework */,
				8488D4921D76467A004E50E4 /* QRLibTests.xctest */,
			);
			name = Products;
			sourceTree = "<group>";
		};
		8488D48B1D76467A004E50E4 /* QRLib */ = {
			isa = PBXGroup;
			children = (
				8488D48C1D76467A004E50E4 /* QRLib.h */,
				8488D48D1D76467A004E50E4 /* Info.plist */,
				8488D4AD1D7646B3004E50E4 /* QRCodeGenerator.swift */,
			);
			path = QRLib;
			sourceTree = "<group>";
		};
		8488D4961D76467A004E50E4 /* QRLibTests */ = {
			isa = PBXGroup;
			children = (
				8488D4971D76467A004E50E4 /* QRLibTests.swift */,
				8488D4991D76467A004E50E4 /* Info.plist */,
			);
			path = QRLibTests;
			sourceTree = "<group>";
		};
		8488D4AF1D764733004E50E4 /* Frameworks */ = {
			isa = PBXGroup;
			children = (
				8488D4B01D764733004E50E4 /* CoreImage.framework */,
			);
			name = Frameworks;
			sourceTree = "<group>";
		};
/* End PBXGroup section */

/* Begin PBXHeadersBuildPhase section */
		8488D4861D76467A004E50E4 /* Headers */ = {
			isa = PBXHeadersBuildPhase;
			buildActionMask = 2147483647;
			files = (
				8488D49A1D76467A004E50E4 /* QRLib.h in Headers */,
			);
			runOnlyForDeploymentPostprocessing = 0;
		};
/* End PBXHeadersBuildPhase section */

/* Begin PBXNativeTarget section */
		8488D4881D76467A004E50E4 /* QRLib */ = {
			isa = PBXNativeTarget;
			buildConfigurationList = 8488D49D1D76467A004E50E4 /* Build configuration list for PBXNativeTarget "QRLib" */;
			buildPhases = (
				8488D4841D76467A004E50E4 /* Sources */,
				8488D4851D76467A004E50E4 /* Frameworks */,
				8488D4861D76467A004E50E4 /* Headers */,
				8488D4871D76467A004E50E4 /* Resources */,
			);
			buildRules = (
			);
			dependencies = (
			);
			name = QRLib;
			productName = QRLib;
			productReference = 8488D4891D76467A004E50E4 /* QRLib.framework */;
			productType = "com.apple.product-type.framework";
		};
		8488D4911D76467A004E50E4 /* QRLibTests */ = {
			isa = PBXNativeTarget;
			buildConfigurationList = 8488D4A01D76467A004E50E4 /* Build configuration list for PBXNativeTarget "QRLibTests" */;
			buildPhases = (
				8488D48E1D76467A004E50E4 /* Sources */,
				8488D48F1D76467A004E50E4 /* Frameworks */,
				8488D4901D76467A004E50E4 /* Resources */,
			);
			buildRules = (
			);
			dependencies = (
				8488D4951D76467A004E50E4 /* PBXTargetDependency */,
			);
			name = QRLibTests;
			productName = QRLibTests;
			productReference = 8488D4921D76467A004E50E4 /* QRLibTests.xctest */;
			productType = "com.apple.product-type.bundle.unit-test";
		};
/* End PBXNativeTarget section */

/* Begin PBXProject section */
		8488D4801D76467A004E50E4 /* Project object */ = {
			isa = PBXProject;
			attributes = {
				LastSwiftUpdateCheck = 0800;
				LastUpgradeCheck = 0800;
				ORGANIZATIONNAME = Meijer;
				TargetAttributes = {
					8488D4881D76467A004E50E4 = {
						CreatedOnToolsVersion = 8.0;
						DevelopmentTeam = FUNW4GUS24;
						LastSwiftMigration = 0800;
						ProvisioningStyle = Automatic;
					};
					8488D4911D76467A004E50E4 = {
						CreatedOnToolsVersion = 8.0;
						DevelopmentTeam = FUNW4GUS24;
						ProvisioningStyle = Automatic;
					};
				};
			};
			buildConfigurationList = 8488D4831D76467A004E50E4 /* Build configuration list for PBXProject "QRLib" */;
			compatibilityVersion = "Xcode 3.2";
			developmentRegion = English;
			hasScannedForEncodings = 0;
			knownRegions = (
				en,
			);
			mainGroup = 8488D47F1D76467A004E50E4;
			productRefGroup = 8488D48A1D76467A004E50E4 /* Products */;
			projectDirPath = "";
			projectRoot = "";
			targets = (
				8488D4881D76467A004E50E4 /* QRLib */,
				8488D4911D76467A004E50E4 /* QRLibTests */,
			);
		};
/* End PBXProject section */

/* Begin PBXResourcesBuildPhase section */
		8488D4871D76467A004E50E4 /* Resources */ = {
			isa = PBXResourcesBuildPhase;
			buildActionMask = 2147483647;
			files = (
			);
			runOnlyForDeploymentPostprocessing = 0;
		};
		8488D4901D76467A004E50E4 /* Resources */ = {
			isa = PBXResourcesBuildPhase;
			buildActionMask = 2147483647;
			files = (
			);
			runOnlyForDeploymentPostprocessing = 0;
		};
/* End PBXResourcesBuildPhase section */

/* Begin PBXSourcesBuildPhase section */
		8488D4841D76467A004E50E4 /* Sources */ = {
			isa = PBXSourcesBuildPhase;
			buildActionMask = 2147483647;
			files = (
				8488D4AE1D7646B3004E50E4 /* QRCodeGenerator.swift in Sources */,
			);
			runOnlyForDeploymentPostprocessing = 0;
		};
		8488D48E1D76467A004E50E4 /* Sources */ = {
			isa = PBXSourcesBuildPhase;
			buildActionMask = 2147483647;
			files = (
				8488D4981D76467A004E50E4 /* QRLibTests.swift in Sources */,
			);
			runOnlyForDeploymentPostprocessing = 0;
		};
/* End PBXSourcesBuildPhase section */

/* Begin PBXTargetDependency section */
		8488D4951D76467A004E50E4 /* PBXTargetDependency */ = {
			isa = PBXTargetDependency;
			target = 8488D4881D76467A004E50E4 /* QRLib */;
			targetProxy = 8488D4941D76467A004E50E4 /* PBXContainerItemProxy */;
		};
/* End PBXTargetDependency section */

/* Begin XCBuildConfiguration section */
		8488D49B1D76467A004E50E4 /* Debug */ = {
			isa = XCBuildConfiguration;
			buildSettings = {
				ALWAYS_SEARCH_USER_PATHS = NO;
				CLANG_ANALYZER_NONNULL = YES;
				CLANG_CXX_LANGUAGE_STANDARD = "gnu++0x";
				CLANG_CXX_LIBRARY = "libc++";
				CLANG_ENABLE_MODULES = YES;
				CLANG_ENABLE_OBJC_ARC = YES;
				CLANG_WARN_BOOL_CONVERSION = YES;
				CLANG_WARN_CONSTANT_CONVERSION = YES;
				CLANG_WARN_DIRECT_OBJC_ISA_USAGE = YES_ERROR;
				CLANG_WARN_DOCUMENTATION_COMMENTS = YES;
				CLANG_WARN_EMPTY_BODY = YES;
				CLANG_WARN_ENUM_CONVERSION = YES;
				CLANG_WARN_INFINITE_RECURSION = YES;
				CLANG_WARN_INT_CONVERSION = YES;
				CLANG_WARN_OBJC_ROOT_CLASS = YES_ERROR;
				CLANG_WARN_SUSPICIOUS_MOVES = YES;
				CLANG_WARN_UNREACHABLE_CODE = YES;
				CLANG_WARN__DUPLICATE_METHOD_MATCH = YES;
				"CODE_SIGN_IDENTITY[sdk=iphoneos*]" = "iPhone Developer";
				COPY_PHASE_STRIP = NO;
				CURRENT_PROJECT_VERSION = 1;
				DEBUG_INFORMATION_FORMAT = dwarf;
				ENABLE_STRICT_OBJC_MSGSEND = YES;
				ENABLE_TESTABILITY = YES;
				GCC_C_LANGUAGE_STANDARD = gnu99;
				GCC_DYNAMIC_NO_PIC = NO;
				GCC_NO_COMMON_BLOCKS = YES;
				GCC_OPTIMIZATION_LEVEL = 0;
				GCC_PREPROCESSOR_DEFINITIONS = (
					"DEBUG=1",
					"$(inherited)",
				);
				GCC_WARN_64_TO_32_BIT_CONVERSION = YES;
				GCC_WARN_ABOUT_RETURN_TYPE = YES_ERROR;
				GCC_WARN_UNDECLARED_SELECTOR = YES;
				GCC_WARN_UNINITIALIZED_AUTOS = YES_AGGRESSIVE;
				GCC_WARN_UNUSED_FUNCTION = YES;
				GCC_WARN_UNUSED_VARIABLE = YES;
				IPHONEOS_DEPLOYMENT_TARGET = 10.0;
				MTL_ENABLE_DEBUG_INFO = YES;
				ONLY_ACTIVE_ARCH = YES;
				SDKROOT = iphoneos;
				SWIFT_ACTIVE_COMPILATION_CONDITIONS = DEBUG;
				SWIFT_OPTIMIZATION_LEVEL = "-Onone";
				TARGETED_DEVICE_FAMILY = "1,2";
				VERSIONING_SYSTEM = "apple-generic";
				VERSION_INFO_PREFIX = "";
			};
			name = Debug;
		};
		8488D49C1D76467A004E50E4 /* Release */ = {
			isa = XCBuildConfiguration;
			buildSettings = {
				ALWAYS_SEARCH_USER_PATHS = NO;
				CLANG_ANALYZER_NONNULL = YES;
				CLANG_CXX_LANGUAGE_STANDARD = "gnu++0x";
				CLANG_CXX_LIBRARY = "libc++";
				CLANG_ENABLE_MODULES = YES;
				CLANG_ENABLE_OBJC_ARC = YES;
				CLANG_WARN_BOOL_CONVERSION = YES;
				CLANG_WARN_CONSTANT_CONVERSION = YES;
				CLANG_WARN_DIRECT_OBJC_ISA_USAGE = YES_ERROR;
				CLANG_WARN_DOCUMENTATION_COMMENTS = YES;
				CLANG_WARN_EMPTY_BODY = YES;
				CLANG_WARN_ENUM_CONVERSION = YES;
				CLANG_WARN_INFINITE_RECURSION = YES;
				CLANG_WARN_INT_CONVERSION = YES;
				CLANG_WARN_OBJC_ROOT_CLASS = YES_ERROR;
				CLANG_WARN_SUSPICIOUS_MOVES = YES;
				CLANG_WARN_UNREACHABLE_CODE = YES;
				CLANG_WARN__DUPLICATE_METHOD_MATCH = YES;
				"CODE_SIGN_IDENTITY[sdk=iphoneos*]" = "iPhone Developer";
				COPY_PHASE_STRIP = NO;
				CURRENT_PROJECT_VERSION = 1;
				DEBUG_INFORMATION_FORMAT = "dwarf-with-dsym";
				ENABLE_NS_ASSERTIONS = NO;
				ENABLE_STRICT_OBJC_MSGSEND = YES;
				GCC_C_LANGUAGE_STANDARD = gnu99;
				GCC_NO_COMMON_BLOCKS = YES;
				GCC_WARN_64_TO_32_BIT_CONVERSION = YES;
				GCC_WARN_ABOUT_RETURN_TYPE = YES_ERROR;
				GCC_WARN_UNDECLARED_SELECTOR = YES;
				GCC_WARN_UNINITIALIZED_AUTOS = YES_AGGRESSIVE;
				GCC_WARN_UNUSED_FUNCTION = YES;
				GCC_WARN_UNUSED_VARIABLE = YES;
				IPHONEOS_DEPLOYMENT_TARGET = 10.0;
				MTL_ENABLE_DEBUG_INFO = NO;
				SDKROOT = iphoneos;
				SWIFT_OPTIMIZATION_LEVEL = "-Owholemodule";
				TARGETED_DEVICE_FAMILY = "1,2";
				VALIDATE_PRODUCT = YES;
				VERSIONING_SYSTEM = "apple-generic";
				VERSION_INFO_PREFIX = "";
			};
			name = Release;
		};
		8488D49E1D76467A004E50E4 /* Debug */ = {
			isa = XCBuildConfiguration;
			buildSettings = {
				CLANG_ENABLE_MODULES = YES;
				CODE_SIGN_IDENTITY = "";
				DEFINES_MODULE = YES;
				DEVELOPMENT_TEAM = FUNW4GUS24;
				DYLIB_COMPATIBILITY_VERSION = 1;
				DYLIB_CURRENT_VERSION = 1;
				DYLIB_INSTALL_NAME_BASE = "@rpath";
				INFOPLIST_FILE = QRLib/Info.plist;
				INSTALL_PATH = "$(LOCAL_LIBRARY_DIR)/Frameworks";
				LD_RUNPATH_SEARCH_PATHS = "$(inherited) @executable_path/Frameworks @loader_path/Frameworks";
				PRODUCT_BUNDLE_IDENTIFIER = com.meijer.QRLib;
				PRODUCT_NAME = "$(TARGET_NAME)";
				SKIP_INSTALL = YES;
				SWIFT_OPTIMIZATION_LEVEL = "-Onone";
				SWIFT_VERSION = 3.0;
			};
			name = Debug;
		};
		8488D49F1D76467A004E50E4 /* Release */ = {
			isa = XCBuildConfiguration;
			buildSettings = {
				CLANG_ENABLE_MODULES = YES;
				CODE_SIGN_IDENTITY = "";
				DEFINES_MODULE = YES;
				DEVELOPMENT_TEAM = FUNW4GUS24;
				DYLIB_COMPATIBILITY_VERSION = 1;
				DYLIB_CURRENT_VERSION = 1;
				DYLIB_INSTALL_NAME_BASE = "@rpath";
				INFOPLIST_FILE = QRLib/Info.plist;
				INSTALL_PATH = "$(LOCAL_LIBRARY_DIR)/Frameworks";
				LD_RUNPATH_SEARCH_PATHS = "$(inherited) @executable_path/Frameworks @loader_path/Frameworks";
				PRODUCT_BUNDLE_IDENTIFIER = com.meijer.QRLib;
				PRODUCT_NAME = "$(TARGET_NAME)";
				SKIP_INSTALL = YES;
				SWIFT_VERSION = 3.0;
			};
			name = Release;
		};
		8488D4A11D76467A004E50E4 /* Debug */ = {
			isa = XCBuildConfiguration;
			buildSettings = {
				ALWAYS_EMBED_SWIFT_STANDARD_LIBRARIES = YES;
				DEVELOPMENT_TEAM = FUNW4GUS24;
				INFOPLIST_FILE = QRLibTests/Info.plist;
				LD_RUNPATH_SEARCH_PATHS = "$(inherited) @executable_path/Frameworks @loader_path/Frameworks";
				PRODUCT_BUNDLE_IDENTIFIER = com.meijer.QRLibTests;
				PRODUCT_NAME = "$(TARGET_NAME)";
				SWIFT_VERSION = 3.0;
			};
			name = Debug;
		};
		8488D4A21D76467A004E50E4 /* Release */ = {
			isa = XCBuildConfiguration;
			buildSettings = {
				ALWAYS_EMBED_SWIFT_STANDARD_LIBRARIES = YES;
				DEVELOPMENT_TEAM = FUNW4GUS24;
				INFOPLIST_FILE = QRLibTests/Info.plist;
				LD_RUNPATH_SEARCH_PATHS = "$(inherited) @executable_path/Frameworks @loader_path/Frameworks";
				PRODUCT_BUNDLE_IDENTIFIER = com.meijer.QRLibTests;
				PRODUCT_NAME = "$(TARGET_NAME)";
				SWIFT_VERSION = 3.0;
			};
			name = Release;
		};
/* End XCBuildConfiguration section */

/* Begin XCConfigurationList section */
		8488D4831D76467A004E50E4 /* Build configuration list for PBXProject "QRLib" */ = {
			isa = XCConfigurationList;
			buildConfigurations = (
				8488D49B1D76467A004E50E4 /* Debug */,
				8488D49C1D76467A004E50E4 /* Release */,
			);
			defaultConfigurationIsVisible = 0;
			defaultConfigurationName = Release;
		};
		8488D49D1D76467A004E50E4 /* Build configuration list for PBXNativeTarget "QRLib" */ = {
			isa = XCConfigurationList;
			buildConfigurations = (
				8488D49E1D76467A004E50E4 /* Debug */,
				8488D49F1D76467A004E50E4 /* Release */,
			);
			defaultConfigurationIsVisible = 0;
		};
		8488D4A01D76467A004E50E4 /* Build configuration list for PBXNativeTarget "QRLibTests" */ = {
			isa = XCConfigurationList;
			buildConfigurations = (
				8488D4A11D76467A004E50E4 /* Debug */,
				8488D4A21D76467A004E50E4 /* Release */,
			);
			defaultConfigurationIsVisible = 0;
		};
/* End XCConfigurationList section */
	};
	rootObject = 8488D4801D76467A004E50E4 /* Project object */;
}
